
Microsoft Visual Studio Solution File, Format Version 12.00
# Visual Studio Version 17
VisualStudioVersion = 17.10.35122.118
MinimumVisualStudioVersion = 10.0.40219.1
Project("{9A19103F-16F7-4668-BE54-9A1E7A4F7556}") = "Tasks1_3", "Tasks_1-3\Tasks1_3.csproj", "{8B028D46-BD4F-462D-8F09-68A7AC1ECA60}"
EndProject
Project("{9A19103F-16F7-4668-BE54-9A1E7A4F7556}") = "MyService", "MyService\MyService.csproj", "{8547749D-1EE4-4921-9B06-343C7EF8D8D5}"
EndProject
Global
	GlobalSection(SolutionConfigurationPlatforms) = preSolution
		Debug|Any CPU = Debug|Any CPU
		Release|Any CPU = Release|Any CPU
	EndGlobalSection
	GlobalSection(ProjectConfigurationPlatforms) = postSolution
		{8B028D46-BD4F-462D-8F09-68A7AC1ECA60}.Debug|Any CPU.ActiveCfg = Debug|Any CPU
		{8B028D46-BD4F-462D-8F09-68A7AC1ECA60}.Debug|Any CPU.Build.0 = Debug|Any CPU
		{8B028D46-BD4F-462D-8F09-68A7AC1ECA60}.Release|Any CPU.ActiveCfg = Release|Any CPU
		{8B028D46-BD4F-462D-8F09-68A7AC1ECA60}.Release|Any CPU.Build.0 = Release|Any CPU
		{8547749D-1EE4-4921-9B06-343C7EF8D8D5}.Debug|Any CPU.ActiveCfg = Debug|Any CPU
		{8547749D-1EE4-4921-9B06-343C7EF8D8D5}.Debug|Any CPU.Build.0 = Debug|Any CPU
		{8547749D-1EE4-4921-9B06-343C7EF8D8D5}.Release|Any CPU.ActiveCfg = Release|Any CPU
		{8547749D-1EE4-4921-9B06-343C7EF8D8D5}.Release|Any CPU.Build.0 = Release|Any CPU
	EndGlobalSection
	GlobalSection(SolutionProperties) = preSolution
		HideSolutionNode = FALSE
	EndGlobalSection
	GlobalSection(ExtensibilityGlobals) = postSolution
		SolutionGuid = {13AA2474-C594-49AF-B6FA-0679CA2700D8}
	EndGlobalSection
EndGlobal
